
Microsoft Visual Studio Solution File, Format Version 12.00
# Visual Studio Version 17
VisualStudioVersion = 17.14.37531.7 d17.14
MinimumVisualStudioVersion = 10.0.40219.1
Project("{FAE04EC0-301F-11D3-BF4B-00C04F79EFBC}") = "Propyka.Api", "Propyka.Api\Propyka.Api.csproj", "{1197C363-FD4F-4FCC-A543-70E933624587}"
EndProject
Global
	GlobalSection(SolutionConfigurationPlatforms) = preSolution
		Debug|Any CPU = Debug|Any CPU
		Release|Any CPU = Release|Any CPU
	EndGlobalSection
	GlobalSection(ProjectConfigurationPlatforms) = postSolution
		{1197C363-FD4F-4FCC-A543-70E933624587}.Debug|Any CPU.ActiveCfg = Debug|Any CPU
		{1197C363-FD4F-4FCC-A543-70E933624587}.Debug|Any CPU.Build.0 = Debug|Any CPU
		{1197C363-FD4F-4FCC-A543-70E933624587}.Release|Any CPU.ActiveCfg = Release|Any CPU
		{1197C363-FD4F-4FCC-A543-70E933624587}.Release|Any CPU.Build.0 = Release|Any CPU
	EndGlobalSection
	GlobalSection(SolutionProperties) = preSolution
		HideSolutionNode = FALSE
	EndGlobalSection
	GlobalSection(ExtensibilityGlobals) = postSolution
		SolutionGuid = {65E00B91-6B0B-49F1-8970-51AAC487E5D7}
	EndGlobalSection
EndGlobal
